
Microsoft Visual Studio Solution File, Format Version 12.00
# Visual Studio Version 17
VisualStudioVersion = 17.8.34525.116
MinimumVisualStudioVersion = 10.0.40219.1
Project("{FAE04EC0-301F-11D3-BF4B-00C04F79EFBC}") = "WeatherDrivenSolarPanel", "WeatherDrivenSolarPanel.csproj", "{8D27838D-25CE-4414-92D4-EA2ADA791063}"
EndProject
Global
	GlobalSection(SolutionConfigurationPlatforms) = preSolution
		Debug|Any CPU = Debug|Any CPU
		Release_Kerbalism|Any CPU = Release_Kerbalism|Any CPU
		Release_NoKerbalism|Any CPU = Release_NoKerbalism|Any CPU
		Release|Any CPU = Release|Any CPU
	EndGlobalSection
	GlobalSection(ProjectConfigurationPlatforms) = postSolution
		{8D27838D-25CE-4414-92D4-EA2ADA791063}.Debug|Any CPU.ActiveCfg = Debug|Any CPU
		{8D27838D-25CE-4414-92D4-EA2ADA791063}.Debug|Any CPU.Build.0 = Debug|Any CPU
		{8D27838D-25CE-4414-92D4-EA2ADA791063}.Release_Kerbalism|Any CPU.ActiveCfg = Release_Kerbalism|Any CPU
		{8D27838D-25CE-4414-92D4-EA2ADA791063}.Release_Kerbalism|Any CPU.Build.0 = Release_Kerbalism|Any CPU
		{8D27838D-25CE-4414-92D4-EA2ADA791063}.Release_NoKerbalism|Any CPU.ActiveCfg = Release_NoKerbalism|Any CPU
		{8D27838D-25CE-4414-92D4-EA2ADA791063}.Release_NoKerbalism|Any CPU.Build.0 = Release_NoKerbalism|Any CPU
		{8D27838D-25CE-4414-92D4-EA2ADA791063}.Release|Any CPU.ActiveCfg = Release|Any CPU
		{8D27838D-25CE-4414-92D4-EA2ADA791063}.Release|Any CPU.Build.0 = Release|Any CPU
	EndGlobalSection
	GlobalSection(SolutionProperties) = preSolution
		HideSolutionNode = FALSE
	EndGlobalSection
	GlobalSection(ExtensibilityGlobals) = postSolution
		SolutionGuid = {2DFE3402-5F7A-442F-AE96-E2463197E005}
	EndGlobalSection
EndGlobal
